
Microsoft Visual Studio Solution File, Format Version 12.00
# Visual Studio Version 17
VisualStudioVersion = 17.0.31903.59
MinimumVisualStudioVersion = 10.0.40219.1
Project("{FAE04EC0-301F-11D3-BF4B-00C04F79EFBC}") = "Avalonia.Fluid", "Avalonia.Fluid\Avalonia.Fluid.csproj", "{139240A1-274E-4AA3-BC46-C6FB6C03F4AE}"
EndProject
Project("{FAE04EC0-301F-11D3-BF4B-00C04F79EFBC}") = "Avalonia.Fluid.Demo", "Avalonia.Fluid.Demo\Avalonia.Fluid.Demo.csproj", "{08579315-6D41-489A-B895-7C3806EF5939}"
EndProject
Project("{FAE04EC0-301F-11D3-BF4B-00C04F79EFBC}") = "Avalonia.Fluid.Demo.Browser", "Avalonia.Fluid.Demo.Browser\Avalonia.Fluid.Demo.Browser.csproj", "{9ACBD085-C6DB-4CE6-91D7-6C8D7BCEECDD}"
EndProject
Project("{FAE04EC0-301F-11D3-BF4B-00C04F79EFBC}") = "Avalonia.Fluid.Demo.Desktop", "Avalonia.Fluid.Demo.Desktop\Avalonia.Fluid.Demo.Desktop.csproj", "{D1CE7258-3965-4EAA-AAE9-BD1AA59F8255}"
EndProject
Global
	GlobalSection(SolutionConfigurationPlatforms) = preSolution
		Debug|Any CPU = Debug|Any CPU
		Release|Any CPU = Release|Any CPU
	EndGlobalSection
	GlobalSection(SolutionProperties) = preSolution
		HideSolutionNode = FALSE
	EndGlobalSection
	GlobalSection(ProjectConfigurationPlatforms) = postSolution
		{139240A1-274E-4AA3-BC46-C6FB6C03F4AE}.Debug|Any CPU.ActiveCfg = Debug|Any CPU
		{139240A1-274E-4AA3-BC46-C6FB6C03F4AE}.Debug|Any CPU.Build.0 = Debug|Any CPU
		{139240A1-274E-4AA3-BC46-C6FB6C03F4AE}.Release|Any CPU.ActiveCfg = Release|Any CPU
		{139240A1-274E-4AA3-BC46-C6FB6C03F4AE}.Release|Any CPU.Build.0 = Release|Any CPU
		{08579315-6D41-489A-B895-7C3806EF5939}.Debug|Any CPU.ActiveCfg = Debug|Any CPU
		{08579315-6D41-489A-B895-7C3806EF5939}.Debug|Any CPU.Build.0 = Debug|Any CPU
		{08579315-6D41-489A-B895-7C3806EF5939}.Release|Any CPU.ActiveCfg = Release|Any CPU
		{08579315-6D41-489A-B895-7C3806EF5939}.Release|Any CPU.Build.0 = Release|Any CPU
		{9ACBD085-C6DB-4CE6-91D7-6C8D7BCEECDD}.Debug|Any CPU.ActiveCfg = Debug|Any CPU
		{9ACBD085-C6DB-4CE6-91D7-6C8D7BCEECDD}.Debug|Any CPU.Build.0 = Debug|Any CPU
		{9ACBD085-C6DB-4CE6-91D7-6C8D7BCEECDD}.Release|Any CPU.ActiveCfg = Release|Any CPU
		{9ACBD085-C6DB-4CE6-91D7-6C8D7BCEECDD}.Release|Any CPU.Build.0 = Release|Any CPU
		{D1CE7258-3965-4EAA-AAE9-BD1AA59F8255}.Debug|Any CPU.ActiveCfg = Debug|Any CPU
		{D1CE7258-3965-4EAA-AAE9-BD1AA59F8255}.Debug|Any CPU.Build.0 = Debug|Any CPU
		{D1CE7258-3965-4EAA-AAE9-BD1AA59F8255}.Release|Any CPU.ActiveCfg = Release|Any CPU
		{D1CE7258-3965-4EAA-AAE9-BD1AA59F8255}.Release|Any CPU.Build.0 = Release|Any CPU
	EndGlobalSection
EndGlobal
